
Microsoft Visual Studio Solution File, Format Version 12.00
# Visual Studio Version 17
VisualStudioVersion = 17.5.33530.505
MinimumVisualStudioVersion = 10.0.40219.1
Project("{9A19103F-16F7-4668-BE54-9A1E7A4F7556}") = "BigBangAssessment", "BigBangAssessment.csproj", "{00247F7C-90CB-4995-B5E6-C8FF135A878C}"
EndProject
Project("{2150E333-8FDC-42A3-9474-1A3956D46DE8}") = "Solution Items", "Solution Items", "{2F7BB95E-52A1-496F-8B96-743E4DAEF037}"
	ProjectSection(SolutionItems) = preProject
		.editorconfig = .editorconfig
	EndProjectSection
EndProject
Global
	GlobalSection(SolutionConfigurationPlatforms) = preSolution
		Debug|Any CPU = Debug|Any CPU
		Release|Any CPU = Release|Any CPU
	EndGlobalSection
	GlobalSection(ProjectConfigurationPlatforms) = postSolution
		{00247F7C-90CB-4995-B5E6-C8FF135A878C}.Debug|Any CPU.ActiveCfg = Debug|Any CPU
		{00247F7C-90CB-4995-B5E6-C8FF135A878C}.Debug|Any CPU.Build.0 = Debug|Any CPU
		{00247F7C-90CB-4995-B5E6-C8FF135A878C}.Release|Any CPU.ActiveCfg = Release|Any CPU
		{00247F7C-90CB-4995-B5E6-C8FF135A878C}.Release|Any CPU.Build.0 = Release|Any CPU
	EndGlobalSection
	GlobalSection(SolutionProperties) = preSolution
		HideSolutionNode = FALSE
	EndGlobalSection
	GlobalSection(ExtensibilityGlobals) = postSolution
		SolutionGuid = {03EFB99E-B4E1-46E4-9AB6-F1490595AC01}
	EndGlobalSection
EndGlobal
